
Microsoft Visual Studio Solution File, Format Version 12.00
Project("{FAE04EC0-301F-11D3-BF4B-00C04F79EFBC}") = "Community.MVP.WebApp", "Community.MVP.WebApp\Community.MVP.WebApp.csproj", "{D5F66E87-8096-462D-8749-6E8530E3CD20}"
EndProject
Project("{2150E333-8FDC-42A3-9474-1A3956D46DE8}") = "src", "src", "{2CEC53F1-2887-4EED-A8EB-B866CDD95D91}"
EndProject
Global
	GlobalSection(SolutionConfigurationPlatforms) = preSolution
		Debug|Any CPU = Debug|Any CPU
		Release|Any CPU = Release|Any CPU
	EndGlobalSection
	GlobalSection(ProjectConfigurationPlatforms) = postSolution
		{D5F66E87-8096-462D-8749-6E8530E3CD20}.Debug|Any CPU.ActiveCfg = Debug|Any CPU
		{D5F66E87-8096-462D-8749-6E8530E3CD20}.Debug|Any CPU.Build.0 = Debug|Any CPU
		{D5F66E87-8096-462D-8749-6E8530E3CD20}.Release|Any CPU.ActiveCfg = Release|Any CPU
		{D5F66E87-8096-462D-8749-6E8530E3CD20}.Release|Any CPU.Build.0 = Release|Any CPU
	EndGlobalSection
	GlobalSection(NestedProjects) = preSolution
		{D5F66E87-8096-462D-8749-6E8530E3CD20} = {2CEC53F1-2887-4EED-A8EB-B866CDD95D91}
	EndGlobalSection
EndGlobal
